{
    "version": 3,
    "terraform_version": "0.11.10",
    "serial": 3,
    "lineage": "662530ea-5c4c-efe0-2da1-65be456dade0",
    "modules": [
        {
            "path": [
                "root"
            ],
            "outputs": {},
            "resources": {
                "aws_eip.nat_ip": {
                    "type": "aws_eip",
                    "depends_on": [
                        "aws_internet_gateway.igw"
                    ],
                    "primary": {
                        "id": "eipalloc-06931bce639c3bbd6",
                        "attributes": {
                            "association_id": "eipassoc-1669d0db",
                            "domain": "vpc",
                            "id": "eipalloc-06931bce639c3bbd6",
                            "instance": "",
                            "network_interface": "eni-000622afffda66523",
                            "private_ip": "50.13.100.33",
                            "public_ip": "3.122.209.51",
                            "public_ipv4_pool": "amazon",
                            "tags.%": "1",
                            "tags.Name": "natip",
                            "vpc": "true"
                        },
                        "meta": {
                            "e2bfb730-ecaa-11e6-8f88-34363bc7c4c0": {
                                "delete": 180000000000,
                                "read": 900000000000,
                                "update": 300000000000
                            }
                        },
                        "tainted": false
                    },
                    "deposed": [],
                    "provider": "provider.aws"
                },
                "aws_instance.vm1": {
                    "type": "aws_instance",
                    "depends_on": [
                        "aws_security_group.sg",
                        "aws_subnet.sub-private1",
                        "data.aws_availability_zones.available"
                    ],
                    "primary": {
                        "id": "i-058cdec08d0cac5e8",
                        "attributes": {
                            "ami": "ami-0bdf93799014acdc4",
                            "arn": "arn:aws:ec2:eu-central-1:391947970048:instance/i-058cdec08d0cac5e8",
                            "associate_public_ip_address": "false",
                            "availability_zone": "eu-central-1a",
                            "cpu_core_count": "1",
                            "cpu_threads_per_core": "1",
                            "credit_specification.#": "1",
                            "credit_specification.0.cpu_credits": "standard",
                            "disable_api_termination": "false",
                            "ebs_block_device.#": "0",
                            "ebs_optimized": "false",
                            "ephemeral_block_device.#": "0",
                            "get_password_data": "false",
                            "iam_instance_profile": "",
                            "id": "i-058cdec08d0cac5e8",
                            "instance_state": "running",
                            "instance_type": "t2.micro",
                            "ipv6_addresses.#": "0",
                            "key_name": "",
                            "monitoring": "false",
                            "network_interface.#": "0",
                            "network_interface_id": "eni-0d9655188e6bde33c",
                            "password_data": "",
                            "placement_group": "",
                            "primary_network_interface_id": "eni-0d9655188e6bde33c",
                            "private_dns": "ip-50-13-100-166.eu-central-1.compute.internal",
                            "private_ip": "50.13.100.166",
                            "public_dns": "",
                            "public_ip": "",
                            "root_block_device.#": "1",
                            "root_block_device.0.delete_on_termination": "true",
                            "root_block_device.0.iops": "100",
                            "root_block_device.0.volume_id": "vol-0d8da1f3062cedad5",
                            "root_block_device.0.volume_size": "8",
                            "root_block_device.0.volume_type": "gp2",
                            "security_groups.#": "0",
                            "source_dest_check": "true",
                            "subnet_id": "subnet-0a618d20da364fe35",
                            "tags.%": "1",
                            "tags.Name": "appvm",
                            "tenancy": "default",
                            "volume_tags.%": "0",
                            "vpc_security_group_ids.#": "1",
                            "vpc_security_group_ids.369947636": "sg-0f723f2e0bf858c77"
                        },
                        "meta": {
                            "e2bfb730-ecaa-11e6-8f88-34363bc7c4c0": {
                                "create": 600000000000,
                                "delete": 1200000000000,
                                "update": 600000000000
                            },
                            "schema_version": "1"
                        },
                        "tainted": false
                    },
                    "deposed": [],
                    "provider": "provider.aws"
                },
                "aws_internet_gateway.igw": {
                    "type": "aws_internet_gateway",
                    "depends_on": [
                        "aws_vpc.demovpc"
                    ],
                    "primary": {
                        "id": "igw-09f6dde86b5c0f882",
                        "attributes": {
                            "id": "igw-09f6dde86b5c0f882",
                            "owner_id": "391947970048",
                            "tags.%": "1",
                            "tags.Name": "Dev_igw",
                            "vpc_id": "vpc-0a616ac7f423937d2"
                        },
                        "meta": {},
                        "tainted": false
                    },
                    "deposed": [],
                    "provider": "provider.aws"
                },
                "aws_nat_gateway.ngw": {
                    "type": "aws_nat_gateway",
                    "depends_on": [
                        "aws_eip.nat_ip",
                        "aws_internet_gateway.igw",
                        "aws_subnet.sub-public1"
                    ],
                    "primary": {
                        "id": "nat-0518ea1ee30b69728",
                        "attributes": {
                            "allocation_id": "eipalloc-06931bce639c3bbd6",
                            "id": "nat-0518ea1ee30b69728",
                            "network_interface_id": "eni-000622afffda66523",
                            "private_ip": "50.13.100.33",
                            "public_ip": "3.122.209.51",
                            "subnet_id": "subnet-0b18fe4f4a7c16669",
                            "tags.%": "1",
                            "tags.Name": "demo-igw"
                        },
                        "meta": {},
                        "tainted": false
                    },
                    "deposed": [],
                    "provider": "provider.aws"
                },
                "aws_route_table.private": {
                    "type": "aws_route_table",
                    "depends_on": [
                        "aws_nat_gateway.ngw",
                        "aws_vpc.demovpc"
                    ],
                    "primary": {
                        "id": "rtb-0ef4a1b42e4667a91",
                        "attributes": {
                            "id": "rtb-0ef4a1b42e4667a91",
                            "owner_id": "391947970048",
                            "propagating_vgws.#": "0",
                            "route.#": "1",
                            "route.689720959.cidr_block": "0.0.0.0/0",
                            "route.689720959.egress_only_gateway_id": "",
                            "route.689720959.gateway_id": "",
                            "route.689720959.instance_id": "",
                            "route.689720959.ipv6_cidr_block": "",
                            "route.689720959.nat_gateway_id": "nat-0518ea1ee30b69728",
                            "route.689720959.network_interface_id": "",
                            "route.689720959.transit_gateway_id": "",
                            "route.689720959.vpc_peering_connection_id": "",
                            "tags.%": "1",
                            "tags.Name": "route-pvt",
                            "vpc_id": "vpc-0a616ac7f423937d2"
                        },
                        "meta": {},
                        "tainted": false
                    },
                    "deposed": [],
                    "provider": "provider.aws"
                },
                "aws_route_table.public": {
                    "type": "aws_route_table",
                    "depends_on": [
                        "aws_internet_gateway.igw",
                        "aws_vpc.demovpc"
                    ],
                    "primary": {
                        "id": "rtb-0b73dc418804c685c",
                        "attributes": {
                            "id": "rtb-0b73dc418804c685c",
                            "owner_id": "391947970048",
                            "propagating_vgws.#": "0",
                            "route.#": "1",
                            "route.3244888739.cidr_block": "0.0.0.0/0",
                            "route.3244888739.egress_only_gateway_id": "",
                            "route.3244888739.gateway_id": "igw-09f6dde86b5c0f882",
                            "route.3244888739.instance_id": "",
                            "route.3244888739.ipv6_cidr_block": "",
                            "route.3244888739.nat_gateway_id": "",
                            "route.3244888739.network_interface_id": "",
                            "route.3244888739.transit_gateway_id": "",
                            "route.3244888739.vpc_peering_connection_id": "",
                            "tags.%": "1",
                            "tags.Name": "route-pub",
                            "vpc_id": "vpc-0a616ac7f423937d2"
                        },
                        "meta": {},
                        "tainted": false
                    },
                    "deposed": [],
                    "provider": "provider.aws"
                },
                "aws_route_table_association.to_private_subnet1": {
                    "type": "aws_route_table_association",
                    "depends_on": [
                        "aws_route_table.private",
                        "aws_subnet.sub-private1"
                    ],
                    "primary": {
                        "id": "rtbassoc-04f9d69e24dfa1325",
                        "attributes": {
                            "id": "rtbassoc-04f9d69e24dfa1325",
                            "route_table_id": "rtb-0ef4a1b42e4667a91",
                            "subnet_id": "subnet-0a618d20da364fe35"
                        },
                        "meta": {},
                        "tainted": false
                    },
                    "deposed": [],
                    "provider": "provider.aws"
                },
                "aws_route_table_association.to_private_subnet2": {
                    "type": "aws_route_table_association",
                    "depends_on": [
                        "aws_route_table.private",
                        "aws_subnet.sub-private2"
                    ],
                    "primary": {
                        "id": "rtbassoc-03b72c0588a6c96b5",
                        "attributes": {
                            "id": "rtbassoc-03b72c0588a6c96b5",
                            "route_table_id": "rtb-0ef4a1b42e4667a91",
                            "subnet_id": "subnet-0ebb8b7a39d6c4b3b"
                        },
                        "meta": {},
                        "tainted": false
                    },
                    "deposed": [],
                    "provider": "provider.aws"
                },
                "aws_route_table_association.to_public_subnet1": {
                    "type": "aws_route_table_association",
                    "depends_on": [
                        "aws_route_table.public",
                        "aws_subnet.sub-public1"
                    ],
                    "primary": {
                        "id": "rtbassoc-0edee24cca0aecb33",
                        "attributes": {
                            "id": "rtbassoc-0edee24cca0aecb33",
                            "route_table_id": "rtb-0b73dc418804c685c",
                            "subnet_id": "subnet-0b18fe4f4a7c16669"
                        },
                        "meta": {},
                        "tainted": false
                    },
                    "deposed": [],
                    "provider": "provider.aws"
                },
                "aws_route_table_association.to_public_subnet2": {
                    "type": "aws_route_table_association",
                    "depends_on": [
                        "aws_route_table.public",
                        "aws_subnet.sub-public2"
                    ],
                    "primary": {
                        "id": "rtbassoc-0e785ecb80674ca47",
                        "attributes": {
                            "id": "rtbassoc-0e785ecb80674ca47",
                            "route_table_id": "rtb-0b73dc418804c685c",
                            "subnet_id": "subnet-0494bcab43cb13ec7"
                        },
                        "meta": {},
                        "tainted": false
                    },
                    "deposed": [],
                    "provider": "provider.aws"
                },
                "aws_security_group.sg": {
                    "type": "aws_security_group",
                    "depends_on": [
                        "aws_vpc.demovpc"
                    ],
                    "primary": {
                        "id": "sg-0f723f2e0bf858c77",
                        "attributes": {
                            "arn": "arn:aws:ec2:eu-central-1:391947970048:security-group/sg-0f723f2e0bf858c77",
                            "description": "Allow all inbound traffic",
                            "egress.#": "1",
                            "egress.482069346.cidr_blocks.#": "1",
                            "egress.482069346.cidr_blocks.0": "0.0.0.0/0",
                            "egress.482069346.description": "",
                            "egress.482069346.from_port": "0",
                            "egress.482069346.ipv6_cidr_blocks.#": "0",
                            "egress.482069346.prefix_list_ids.#": "0",
                            "egress.482069346.protocol": "-1",
                            "egress.482069346.security_groups.#": "0",
                            "egress.482069346.self": "false",
                            "egress.482069346.to_port": "0",
                            "id": "sg-0f723f2e0bf858c77",
                            "ingress.#": "1",
                            "ingress.482069346.cidr_blocks.#": "1",
                            "ingress.482069346.cidr_blocks.0": "0.0.0.0/0",
                            "ingress.482069346.description": "",
                            "ingress.482069346.from_port": "0",
                            "ingress.482069346.ipv6_cidr_blocks.#": "0",
                            "ingress.482069346.prefix_list_ids.#": "0",
                            "ingress.482069346.protocol": "-1",
                            "ingress.482069346.security_groups.#": "0",
                            "ingress.482069346.self": "false",
                            "ingress.482069346.to_port": "0",
                            "name": "allow_all",
                            "owner_id": "391947970048",
                            "revoke_rules_on_delete": "false",
                            "tags.%": "0",
                            "vpc_id": "vpc-0a616ac7f423937d2"
                        },
                        "meta": {
                            "e2bfb730-ecaa-11e6-8f88-34363bc7c4c0": {
                                "create": 600000000000,
                                "delete": 600000000000
                            },
                            "schema_version": "1"
                        },
                        "tainted": false
                    },
                    "deposed": [],
                    "provider": "provider.aws"
                },
                "aws_subnet.sub-private1": {
                    "type": "aws_subnet",
                    "depends_on": [
                        "aws_vpc.demovpc",
                        "data.aws_availability_zones.available"
                    ],
                    "primary": {
                        "id": "subnet-0a618d20da364fe35",
                        "attributes": {
                            "arn": "arn:aws:ec2:eu-central-1:391947970048:subnet/subnet-0a618d20da364fe35",
                            "assign_ipv6_address_on_creation": "false",
                            "availability_zone": "eu-central-1a",
                            "availability_zone_id": "euc1-az2",
                            "cidr_block": "50.13.100.128/26",
                            "id": "subnet-0a618d20da364fe35",
                            "ipv6_cidr_block": "",
                            "ipv6_cidr_block_association_id": "",
                            "map_public_ip_on_launch": "false",
                            "owner_id": "391947970048",
                            "tags.%": "1",
                            "tags.Name": "private_subnet1",
                            "vpc_id": "vpc-0a616ac7f423937d2"
                        },
                        "meta": {
                            "e2bfb730-ecaa-11e6-8f88-34363bc7c4c0": {
                                "create": 600000000000,
                                "delete": 600000000000
                            },
                            "schema_version": "1"
                        },
                        "tainted": false
                    },
                    "deposed": [],
                    "provider": "provider.aws"
                },
                "aws_subnet.sub-private2": {
                    "type": "aws_subnet",
                    "depends_on": [
                        "aws_vpc.demovpc",
                        "data.aws_availability_zones.available"
                    ],
                    "primary": {
                        "id": "subnet-0ebb8b7a39d6c4b3b",
                        "attributes": {
                            "arn": "arn:aws:ec2:eu-central-1:391947970048:subnet/subnet-0ebb8b7a39d6c4b3b",
                            "assign_ipv6_address_on_creation": "false",
                            "availability_zone": "eu-central-1b",
                            "availability_zone_id": "euc1-az3",
                            "cidr_block": "50.13.100.192/26",
                            "id": "subnet-0ebb8b7a39d6c4b3b",
                            "ipv6_cidr_block": "",
                            "ipv6_cidr_block_association_id": "",
                            "map_public_ip_on_launch": "false",
                            "owner_id": "391947970048",
                            "tags.%": "1",
                            "tags.Name": "private_subnet2",
                            "vpc_id": "vpc-0a616ac7f423937d2"
                        },
                        "meta": {
                            "e2bfb730-ecaa-11e6-8f88-34363bc7c4c0": {
                                "create": 600000000000,
                                "delete": 600000000000
                            },
                            "schema_version": "1"
                        },
                        "tainted": false
                    },
                    "deposed": [],
                    "provider": "provider.aws"
                },
                "aws_subnet.sub-public1": {
                    "type": "aws_subnet",
                    "depends_on": [
                        "aws_vpc.demovpc",
                        "data.aws_availability_zones.available"
                    ],
                    "primary": {
                        "id": "subnet-0b18fe4f4a7c16669",
                        "attributes": {
                            "arn": "arn:aws:ec2:eu-central-1:391947970048:subnet/subnet-0b18fe4f4a7c16669",
                            "assign_ipv6_address_on_creation": "false",
                            "availability_zone": "eu-central-1a",
                            "availability_zone_id": "euc1-az2",
                            "cidr_block": "50.13.100.0/26",
                            "id": "subnet-0b18fe4f4a7c16669",
                            "ipv6_cidr_block": "",
                            "ipv6_cidr_block_association_id": "",
                            "map_public_ip_on_launch": "true",
                            "owner_id": "391947970048",
                            "tags.%": "1",
                            "tags.Name": "Public_subnet1",
                            "vpc_id": "vpc-0a616ac7f423937d2"
                        },
                        "meta": {
                            "e2bfb730-ecaa-11e6-8f88-34363bc7c4c0": {
                                "create": 600000000000,
                                "delete": 600000000000
                            },
                            "schema_version": "1"
                        },
                        "tainted": false
                    },
                    "deposed": [],
                    "provider": "provider.aws"
                },
                "aws_subnet.sub-public2": {
                    "type": "aws_subnet",
                    "depends_on": [
                        "aws_vpc.demovpc",
                        "data.aws_availability_zones.available"
                    ],
                    "primary": {
                        "id": "subnet-0494bcab43cb13ec7",
                        "attributes": {
                            "arn": "arn:aws:ec2:eu-central-1:391947970048:subnet/subnet-0494bcab43cb13ec7",
                            "assign_ipv6_address_on_creation": "false",
                            "availability_zone": "eu-central-1b",
                            "availability_zone_id": "euc1-az3",
                            "cidr_block": "50.13.100.64/26",
                            "id": "subnet-0494bcab43cb13ec7",
                            "ipv6_cidr_block": "",
                            "ipv6_cidr_block_association_id": "",
                            "map_public_ip_on_launch": "true",
                            "owner_id": "391947970048",
                            "tags.%": "1",
                            "tags.Name": "Public_subnet2",
                            "vpc_id": "vpc-0a616ac7f423937d2"
                        },
                        "meta": {
                            "e2bfb730-ecaa-11e6-8f88-34363bc7c4c0": {
                                "create": 600000000000,
                                "delete": 600000000000
                            },
                            "schema_version": "1"
                        },
                        "tainted": false
                    },
                    "deposed": [],
                    "provider": "provider.aws"
                },
                "aws_vpc.demovpc": {
                    "type": "aws_vpc",
                    "depends_on": [],
                    "primary": {
                        "id": "vpc-0a616ac7f423937d2",
                        "attributes": {
                            "arn": "arn:aws:ec2:eu-central-1:391947970048:vpc/vpc-0a616ac7f423937d2",
                            "assign_generated_ipv6_cidr_block": "false",
                            "cidr_block": "50.13.100.0/24",
                            "default_network_acl_id": "acl-0377a724e2f1e8028",
                            "default_route_table_id": "rtb-0af5d760a299a2be4",
                            "default_security_group_id": "sg-0f52f465c892a9ce3",
                            "dhcp_options_id": "dopt-013c056a",
                            "enable_dns_hostnames": "true",
                            "enable_dns_support": "true",
                            "id": "vpc-0a616ac7f423937d2",
                            "instance_tenancy": "default",
                            "ipv6_association_id": "",
                            "ipv6_cidr_block": "",
                            "main_route_table_id": "rtb-0af5d760a299a2be4",
                            "owner_id": "391947970048",
                            "tags.%": "1",
                            "tags.Name": "dev_vpc"
                        },
                        "meta": {
                            "schema_version": "1"
                        },
                        "tainted": false
                    },
                    "deposed": [],
                    "provider": "provider.aws"
                },
                "data.aws_availability_zones.available": {
                    "type": "aws_availability_zones",
                    "depends_on": [],
                    "primary": {
                        "id": "2019-01-23 11:32:53.2450366 +0000 UTC",
                        "attributes": {
                            "id": "2019-01-23 11:32:53.2450366 +0000 UTC",
                            "names.#": "3",
                            "names.0": "eu-central-1a",
                            "names.1": "eu-central-1b",
                            "names.2": "eu-central-1c",
                            "zone_ids.#": "3",
                            "zone_ids.0": "euc1-az2",
                            "zone_ids.1": "euc1-az3",
                            "zone_ids.2": "euc1-az1"
                        },
                        "meta": {},
                        "tainted": false
                    },
                    "deposed": [],
                    "provider": "provider.aws"
                }
            },
            "depends_on": []
        }
    ]
}
